
Microsoft Visual Studio Solution File, Format Version 12.00
# Visual Studio Version 17
VisualStudioVersion = 17.4.33213.308
MinimumVisualStudioVersion = 10.0.40219.1
Project("{FAE04EC0-301F-11D3-BF4B-00C04F79EFBC}") = "Task1", "Task1\Task1.csproj", "{035B9116-A13B-43E5-A6F2-9310D14346F1}"
EndProject
Project("{FAE04EC0-301F-11D3-BF4B-00C04F79EFBC}") = "Task2", "Task2\Task2.csproj", "{A3C92C3B-233A-486D-A7AA-335EB57719CD}"
EndProject
Project("{FAE04EC0-301F-11D3-BF4B-00C04F79EFBC}") = "Task3", "Task3\Task3.csproj", "{9CD79857-B45C-4687-9720-8933ED727391}"
EndProject
Project("{FAE04EC0-301F-11D3-BF4B-00C04F79EFBC}") = "Task4", "Task4\Task4.csproj", "{CD7595F6-7D41-426F-88BD-6FBCC7828592}"
EndProject
Project("{FAE04EC0-301F-11D3-BF4B-00C04F79EFBC}") = "Task5", "Task5\Task5.csproj", "{BE84D03D-CB43-4BFD-8362-FEA50ACFDE4F}"
EndProject
Global
	GlobalSection(SolutionConfigurationPlatforms) = preSolution
		Debug|Any CPU = Debug|Any CPU
		Release|Any CPU = Release|Any CPU
	EndGlobalSection
	GlobalSection(ProjectConfigurationPlatforms) = postSolution
		{035B9116-A13B-43E5-A6F2-9310D14346F1}.Debug|Any CPU.ActiveCfg = Debug|Any CPU
		{035B9116-A13B-43E5-A6F2-9310D14346F1}.Debug|Any CPU.Build.0 = Debug|Any CPU
		{035B9116-A13B-43E5-A6F2-9310D14346F1}.Release|Any CPU.ActiveCfg = Release|Any CPU
		{035B9116-A13B-43E5-A6F2-9310D14346F1}.Release|Any CPU.Build.0 = Release|Any CPU
		{A3C92C3B-233A-486D-A7AA-335EB57719CD}.Debug|Any CPU.ActiveCfg = Debug|Any CPU
		{A3C92C3B-233A-486D-A7AA-335EB57719CD}.Debug|Any CPU.Build.0 = Debug|Any CPU
		{A3C92C3B-233A-486D-A7AA-335EB57719CD}.Release|Any CPU.ActiveCfg = Release|Any CPU
		{A3C92C3B-233A-486D-A7AA-335EB57719CD}.Release|Any CPU.Build.0 = Release|Any CPU
		{9CD79857-B45C-4687-9720-8933ED727391}.Debug|Any CPU.ActiveCfg = Debug|Any CPU
		{9CD79857-B45C-4687-9720-8933ED727391}.Debug|Any CPU.Build.0 = Debug|Any CPU
		{9CD79857-B45C-4687-9720-8933ED727391}.Release|Any CPU.ActiveCfg = Release|Any CPU
		{9CD79857-B45C-4687-9720-8933ED727391}.Release|Any CPU.Build.0 = Release|Any CPU
		{CD7595F6-7D41-426F-88BD-6FBCC7828592}.Debug|Any CPU.ActiveCfg = Debug|Any CPU
		{CD7595F6-7D41-426F-88BD-6FBCC7828592}.Debug|Any CPU.Build.0 = Debug|Any CPU
		{CD7595F6-7D41-426F-88BD-6FBCC7828592}.Release|Any CPU.ActiveCfg = Release|Any CPU
		{CD7595F6-7D41-426F-88BD-6FBCC7828592}.Release|Any CPU.Build.0 = Release|Any CPU
		{BE84D03D-CB43-4BFD-8362-FEA50ACFDE4F}.Debug|Any CPU.ActiveCfg = Debug|Any CPU
		{BE84D03D-CB43-4BFD-8362-FEA50ACFDE4F}.Debug|Any CPU.Build.0 = Debug|Any CPU
		{BE84D03D-CB43-4BFD-8362-FEA50ACFDE4F}.Release|Any CPU.ActiveCfg = Release|Any CPU
		{BE84D03D-CB43-4BFD-8362-FEA50ACFDE4F}.Release|Any CPU.Build.0 = Release|Any CPU
	EndGlobalSection
	GlobalSection(SolutionProperties) = preSolution
		HideSolutionNode = FALSE
	EndGlobalSection
	GlobalSection(ExtensibilityGlobals) = postSolution
		SolutionGuid = {03932BCE-AE3C-4DA1-911D-04A32DA767E5}
	EndGlobalSection
EndGlobal
