
Microsoft Visual Studio Solution File, Format Version 12.00
# Visual Studio Version 17
VisualStudioVersion = 17.4.33213.308
MinimumVisualStudioVersion = 10.0.40219.1
Project("{FAE04EC0-301F-11D3-BF4B-00C04F79EFBC}") = "Task1", "Task1\Task1.csproj", "{D0643A82-1D8F-4F54-8F5F-FA4F72D7D80A}"
EndProject
Project("{FAE04EC0-301F-11D3-BF4B-00C04F79EFBC}") = "Task2", "Task2\Task2.csproj", "{C3373934-DAD0-4B41-A981-FE81EAF2ABB1}"
EndProject
Project("{FAE04EC0-301F-11D3-BF4B-00C04F79EFBC}") = "Task3", "Task3\Task3.csproj", "{E29C9690-291E-4B2A-A718-45AFB2A2F044}"
EndProject
Project("{FAE04EC0-301F-11D3-BF4B-00C04F79EFBC}") = "Task4", "Task4\Task4.csproj", "{AF612AA6-55A9-4A5E-BDEF-D10EA4F95DA7}"
EndProject
Project("{FAE04EC0-301F-11D3-BF4B-00C04F79EFBC}") = "Task5", "Task5\Task5.csproj", "{C68E0DEB-D7E1-4635-BA26-97B74DEE6F61}"
EndProject
Project("{FAE04EC0-301F-11D3-BF4B-00C04F79EFBC}") = "Task6", "Task6\Task6.csproj", "{2674063E-2E93-4D42-AD3E-AB0BAC9B294C}"
EndProject
Global
	GlobalSection(SolutionConfigurationPlatforms) = preSolution
		Debug|Any CPU = Debug|Any CPU
		Release|Any CPU = Release|Any CPU
	EndGlobalSection
	GlobalSection(ProjectConfigurationPlatforms) = postSolution
		{D0643A82-1D8F-4F54-8F5F-FA4F72D7D80A}.Debug|Any CPU.ActiveCfg = Debug|Any CPU
		{D0643A82-1D8F-4F54-8F5F-FA4F72D7D80A}.Debug|Any CPU.Build.0 = Debug|Any CPU
		{D0643A82-1D8F-4F54-8F5F-FA4F72D7D80A}.Release|Any CPU.ActiveCfg = Release|Any CPU
		{D0643A82-1D8F-4F54-8F5F-FA4F72D7D80A}.Release|Any CPU.Build.0 = Release|Any CPU
		{C3373934-DAD0-4B41-A981-FE81EAF2ABB1}.Debug|Any CPU.ActiveCfg = Debug|Any CPU
		{C3373934-DAD0-4B41-A981-FE81EAF2ABB1}.Debug|Any CPU.Build.0 = Debug|Any CPU
		{C3373934-DAD0-4B41-A981-FE81EAF2ABB1}.Release|Any CPU.ActiveCfg = Release|Any CPU
		{C3373934-DAD0-4B41-A981-FE81EAF2ABB1}.Release|Any CPU.Build.0 = Release|Any CPU
		{E29C9690-291E-4B2A-A718-45AFB2A2F044}.Debug|Any CPU.ActiveCfg = Debug|Any CPU
		{E29C9690-291E-4B2A-A718-45AFB2A2F044}.Debug|Any CPU.Build.0 = Debug|Any CPU
		{E29C9690-291E-4B2A-A718-45AFB2A2F044}.Release|Any CPU.ActiveCfg = Release|Any CPU
		{E29C9690-291E-4B2A-A718-45AFB2A2F044}.Release|Any CPU.Build.0 = Release|Any CPU
		{AF612AA6-55A9-4A5E-BDEF-D10EA4F95DA7}.Debug|Any CPU.ActiveCfg = Debug|Any CPU
		{AF612AA6-55A9-4A5E-BDEF-D10EA4F95DA7}.Debug|Any CPU.Build.0 = Debug|Any CPU
		{AF612AA6-55A9-4A5E-BDEF-D10EA4F95DA7}.Release|Any CPU.ActiveCfg = Release|Any CPU
		{AF612AA6-55A9-4A5E-BDEF-D10EA4F95DA7}.Release|Any CPU.Build.0 = Release|Any CPU
		{C68E0DEB-D7E1-4635-BA26-97B74DEE6F61}.Debug|Any CPU.ActiveCfg = Debug|Any CPU
		{C68E0DEB-D7E1-4635-BA26-97B74DEE6F61}.Debug|Any CPU.Build.0 = Debug|Any CPU
		{C68E0DEB-D7E1-4635-BA26-97B74DEE6F61}.Release|Any CPU.ActiveCfg = Release|Any CPU
		{C68E0DEB-D7E1-4635-BA26-97B74DEE6F61}.Release|Any CPU.Build.0 = Release|Any CPU
		{2674063E-2E93-4D42-AD3E-AB0BAC9B294C}.Debug|Any CPU.ActiveCfg = Debug|Any CPU
		{2674063E-2E93-4D42-AD3E-AB0BAC9B294C}.Debug|Any CPU.Build.0 = Debug|Any CPU
		{2674063E-2E93-4D42-AD3E-AB0BAC9B294C}.Release|Any CPU.ActiveCfg = Release|Any CPU
		{2674063E-2E93-4D42-AD3E-AB0BAC9B294C}.Release|Any CPU.Build.0 = Release|Any CPU
	EndGlobalSection
	GlobalSection(SolutionProperties) = preSolution
		HideSolutionNode = FALSE
	EndGlobalSection
	GlobalSection(ExtensibilityGlobals) = postSolution
		SolutionGuid = {6F301BED-57ED-499A-BC4F-939BEC5F73B2}
	EndGlobalSection
EndGlobal
